// !$*UTF8*$!
{
	archiveVersion = 1;
	classes = {
	};
	objectVersion = 54;
	objects = {

/* Begin PBXBuildFile section */
		05C77E6C77D8ABAA8542A37D /* JXPhotoBrowserCell.swift in Sources */ = {isa = PBXBuildFile; fileRef = 00F6D2A1AC9265A4BC82F281 /* JXPhotoBrowserCell.swift */; };
		0F8A77476298538B43CC56E0 /* JXPhotoBrowserImageCell.swift in Sources */ = {isa = PBXBuildFile; fileRef = BE475B6BA92CB84CD495EAEB /* JXPhotoBrowserImageCell.swift */; };
		1E787614FDBF13303A5832AA /* JXPhotoBrowserFadeAnimator.swift in Sources */ = {isa = PBXBuildFile; fileRef = D6EADCB80233A7FD4249DCAD /* JXPhotoBrowserFadeAnimator.swift */; };
		35D5E40B0E0873816A610307 /* JXPhotoBrowserNoneAnimator.swift in Sources */ = {isa = PBXBuildFile; fileRef = 7D86F0F5B370A28492DDA503 /* JXPhotoBrowserNoneAnimator.swift */; };
		37E18E48547B23DA7E6EFEA0 /* PhotoBrowser.framework in Frameworks */ = {isa = PBXBuildFile; fileRef = 621AD529CA08C18557E78954 /* PhotoBrowser.framework */; };
		3B456C33761754EE6E66E52D /* JXPhotoBrowserLog.swift in Sources */ = {isa = PBXBuildFile; fileRef = 2B887992823439048F01CA74 /* JXPhotoBrowserLog.swift */; };
		4061D14E970886B22A4249E5 /* JXPhotoBrowserZoomSupportedCell.swift in Sources */ = {isa = PBXBuildFile; fileRef = 98C382A54D81617CCB045533 /* JXPhotoBrowserZoomSupportedCell.swift */; };
		4B367C1590094A90AC6A3739 /* JXPhotoBrowserSmoothZoomAnimator.swift in Sources */ = {isa = PBXBuildFile; fileRef = 7929F98001C373D03488E7ED /* JXPhotoBrowserSmoothZoomAnimator.swift */; };
		85B494968D58A964DAC06706 /* JXPhotoBrowserImageView.swift in Sources */ = {isa = PBXBuildFile; fileRef = 8442BF37A10A841FCA66535E /* JXPhotoBrowserImageView.swift */; };
		9BA7D221E59A27C18324B245 /* PhotoBrowser.framework in Embed Frameworks */ = {isa = PBXBuildFile; fileRef = 621AD529CA08C18557E78954 /* PhotoBrowser.framework */; settings = {ATTRIBUTES = (CodeSignOnCopy, RemoveHeadersOnCopy, ); }; };
		C05A10A7779082635621F6C8 /* JXPhotoBrowserZoomAnimator.swift in Sources */ = {isa = PBXBuildFile; fileRef = D1184638433F698DD50B9B23 /* JXPhotoBrowserZoomAnimator.swift */; };
		CC4EA34C7E1590F972AB4820 /* JXPhotoBrowserView.swift in Sources */ = {isa = PBXBuildFile; fileRef = 0E78004958C57D3BA427C248 /* JXPhotoBrowserView.swift */; };
		E0CB3EFE8AA13625AE114891 /* JXPhotoBrowserPageIndicator.swift in Sources */ = {isa = PBXBuildFile; fileRef = BE641D2ECDD75FB47580B0E4 /* JXPhotoBrowserPageIndicator.swift */; };
		E0F793B490F0C93FC6747655 /* JXPhotoBrowserAnimatedTransitioning.swift in Sources */ = {isa = PBXBuildFile; fileRef = 6B5225A6E132E478B3C1C12F /* JXPhotoBrowserAnimatedTransitioning.swift */; };
		E6172BBE80AFB693670D140B /* JXPhotoBrowser.swift in Sources */ = {isa = PBXBuildFile; fileRef = 877A43E2D36F805CEC38175B /* JXPhotoBrowser.swift */; };
		F567FA3161F1AD8180444753 /* JXPhotoBrowserNumberPageIndicator.swift in Sources */ = {isa = PBXBuildFile; fileRef = 0348EEDAC7FEE816D51DCA60 /* JXPhotoBrowserNumberPageIndicator.swift */; };
		FE3DAF689E877109A8D0D43D /* JXPhotoBrowserDefaultPageIndicator.swift in Sources */ = {isa = PBXBuildFile; fileRef = BC0E9441B8D6B0F798E803C7 /* JXPhotoBrowserDefaultPageIndicator.swift */; };
/* End PBXBuildFile section */

/* Begin PBXCopyFilesBuildPhase section */
		6600F7F8E492DA2999AD5DC1 /* Embed Frameworks */ = {
			isa = PBXCopyFilesBuildPhase;
			buildActionMask = 2147483647;
			dstPath = "";
			dstSubfolderSpec = 10;
			files = (
				9BA7D221E59A27C18324B245 /* PhotoBrowser.framework in Embed Frameworks */,
			);
			name = "Embed Frameworks";
			runOnlyForDeploymentPostprocessing = 0;
		};
/* End PBXCopyFilesBuildPhase section */

/* Begin PBXFileReference section */
		00F6D2A1AC9265A4BC82F281 /* JXPhotoBrowserCell.swift */ = {isa = PBXFileReference; lastKnownFileType = sourcecode.swift; path = JXPhotoBrowserCell.swift; sourceTree = "<group>"; };
		0250F5C4F1A9705B95CB70A5 /* PhotoBrowser.framework */ = {isa = PBXFileReference; explicitFileType = wrapper.framework; includeInIndex = 0; path = PhotoBrowser.framework; sourceTree = BUILT_PRODUCTS_DIR; };
		026969170D205A2EF788A3C8 /* Host.app */ = {isa = PBXFileReference; includeInIndex = 0; lastKnownFileType = wrapper.application; path = Host.app; sourceTree = BUILT_PRODUCTS_DIR; };
		0348EEDAC7FEE816D51DCA60 /* JXPhotoBrowserNumberPageIndicator.swift */ = {isa = PBXFileReference; lastKnownFileType = sourcecode.swift; path = JXPhotoBrowserNumberPageIndicator.swift; sourceTree = "<group>"; };
		0E78004958C57D3BA427C248 /* JXPhotoBrowserView.swift */ = {isa = PBXFileReference; lastKnownFileType = sourcecode.swift; path = JXPhotoBrowserView.swift; sourceTree = "<group>"; };
		2B887992823439048F01CA74 /* JXPhotoBrowserLog.swift */ = {isa = PBXFileReference; lastKnownFileType = sourcecode.swift; path = JXPhotoBrowserLog.swift; sourceTree = "<group>"; };
		621AD529CA08C18557E78954 /* PhotoBrowser.framework */ = {isa = PBXFileReference; lastKnownFileType = wrapper.framework; name = PhotoBrowser.framework; path = "$(BUILT_PRODUCTS_DIR)/PhotoBrowser.framework"; sourceTree = "<group>"; };
		6B5225A6E132E478B3C1C12F /* JXPhotoBrowserAnimatedTransitioning.swift */ = {isa = PBXFileReference; lastKnownFileType = sourcecode.swift; path = JXPhotoBrowserAnimatedTransitioning.swift; sourceTree = "<group>"; };
		7929F98001C373D03488E7ED /* JXPhotoBrowserSmoothZoomAnimator.swift */ = {isa = PBXFileReference; lastKnownFileType = sourcecode.swift; path = JXPhotoBrowserSmoothZoomAnimator.swift; sourceTree = "<group>"; };
		7D86F0F5B370A28492DDA503 /* JXPhotoBrowserNoneAnimator.swift */ = {isa = PBXFileReference; lastKnownFileType = sourcecode.swift; path = JXPhotoBrowserNoneAnimator.swift; sourceTree = "<group>"; };
		8442BF37A10A841FCA66535E /* JXPhotoBrowserImageView.swift */ = {isa = PBXFileReference; lastKnownFileType = sourcecode.swift; path = JXPhotoBrowserImageView.swift; sourceTree = "<group>"; };
		877A43E2D36F805CEC38175B /* JXPhotoBrowser.swift */ = {isa = PBXFileReference; lastKnownFileType = sourcecode.swift; path = JXPhotoBrowser.swift; sourceTree = "<group>"; };
		98C382A54D81617CCB045533 /* JXPhotoBrowserZoomSupportedCell.swift */ = {isa = PBXFileReference; lastKnownFileType = sourcecode.swift; path = JXPhotoBrowserZoomSupportedCell.swift; sourceTree = "<group>"; };
		BC0E9441B8D6B0F798E803C7 /* JXPhotoBrowserDefaultPageIndicator.swift */ = {isa = PBXFileReference; lastKnownFileType = sourcecode.swift; path = JXPhotoBrowserDefaultPageIndicator.swift; sourceTree = "<group>"; };
		BE475B6BA92CB84CD495EAEB /* JXPhotoBrowserImageCell.swift */ = {isa = PBXFileReference; lastKnownFileType = sourcecode.swift; path = JXPhotoBrowserImageCell.swift; sourceTree = "<group>"; };
		BE641D2ECDD75FB47580B0E4 /* JXPhotoBrowserPageIndicator.swift */ = {isa = PBXFileReference; lastKnownFileType = sourcecode.swift; path = JXPhotoBrowserPageIndicator.swift; sourceTree = "<group>"; };
		D1184638433F698DD50B9B23 /* JXPhotoBrowserZoomAnimator.swift */ = {isa = PBXFileReference; lastKnownFileType = sourcecode.swift; path = JXPhotoBrowserZoomAnimator.swift; sourceTree = "<group>"; };
		D6EADCB80233A7FD4249DCAD /* JXPhotoBrowserFadeAnimator.swift */ = {isa = PBXFileReference; lastKnownFileType = sourcecode.swift; path = JXPhotoBrowserFadeAnimator.swift; sourceTree = "<group>"; };
/* End PBXFileReference section */

/* Begin PBXFrameworksBuildPhase section */
		F5BB23644C500A57BB452307 /* Frameworks */ = {
			isa = PBXFrameworksBuildPhase;
			buildActionMask = 2147483647;
			files = (
				37E18E48547B23DA7E6EFEA0 /* PhotoBrowser.framework in Frameworks */,
			);
			runOnlyForDeploymentPostprocessing = 0;
		};
/* End PBXFrameworksBuildPhase section */

/* Begin PBXGroup section */
		20A6D933A9431FF98515CD97 /* Products */ = {
			isa = PBXGroup;
			children = (
				026969170D205A2EF788A3C8 /* Host.app */,
				0250F5C4F1A9705B95CB70A5 /* PhotoBrowser.framework */,
			);
			name = Products;
			sourceTree = "<group>";
		};
		2DE170D2F727DF4D1BC07571 /* PhotoBrowser */ = {
			isa = PBXGroup;
			children = (
				959398FF8FAD69C73CEE4497 /* Sources */,
			);
			path = PhotoBrowser;
			sourceTree = "<group>";
		};
		4AF557871C0A671B1C4DB750 /* Frameworks */ = {
			isa = PBXGroup;
			children = (
				621AD529CA08C18557E78954 /* PhotoBrowser.framework */,
			);
			name = Frameworks;
			sourceTree = "<group>";
		};
		959398FF8FAD69C73CEE4497 /* Sources */ = {
			isa = PBXGroup;
			children = (
				AA5349F5367C11DD2DBBECC0 /* JXPhotoBrowser */,
			);
			path = Sources;
			sourceTree = "<group>";
		};
		AA5349F5367C11DD2DBBECC0 /* JXPhotoBrowser */ = {
			isa = PBXGroup;
			children = (
				877A43E2D36F805CEC38175B /* JXPhotoBrowser.swift */,
				6B5225A6E132E478B3C1C12F /* JXPhotoBrowserAnimatedTransitioning.swift */,
				00F6D2A1AC9265A4BC82F281 /* JXPhotoBrowserCell.swift */,
				BC0E9441B8D6B0F798E803C7 /* JXPhotoBrowserDefaultPageIndicator.swift */,
				D6EADCB80233A7FD4249DCAD /* JXPhotoBrowserFadeAnimator.swift */,
				BE475B6BA92CB84CD495EAEB /* JXPhotoBrowserImageCell.swift */,
				8442BF37A10A841FCA66535E /* JXPhotoBrowserImageView.swift */,
				2B887992823439048F01CA74 /* JXPhotoBrowserLog.swift */,
				7D86F0F5B370A28492DDA503 /* JXPhotoBrowserNoneAnimator.swift */,
				0348EEDAC7FEE816D51DCA60 /* JXPhotoBrowserNumberPageIndicator.swift */,
				BE641D2ECDD75FB47580B0E4 /* JXPhotoBrowserPageIndicator.swift */,
				7929F98001C373D03488E7ED /* JXPhotoBrowserSmoothZoomAnimator.swift */,
				0E78004958C57D3BA427C248 /* JXPhotoBrowserView.swift */,
				D1184638433F698DD50B9B23 /* JXPhotoBrowserZoomAnimator.swift */,
				98C382A54D81617CCB045533 /* JXPhotoBrowserZoomSupportedCell.swift */,
			);
			path = JXPhotoBrowser;
			sourceTree = "<group>";
		};
		CEA1724405A35E055D803BD2 = {
			isa = PBXGroup;
			children = (
				D17C1FA55CB95E27B21AC7EC /* Host */,
				2DE170D2F727DF4D1BC07571 /* PhotoBrowser */,
				4AF557871C0A671B1C4DB750 /* Frameworks */,
				20A6D933A9431FF98515CD97 /* Products */,
			);
			indentWidth = 2;
			sourceTree = "<group>";
			tabWidth = 2;
			usesTabs = 0;
		};
		D17C1FA55CB95E27B21AC7EC /* Host */ = {
			isa = PBXGroup;
			children = (
			);
			path = Host;
			sourceTree = "<group>";
		};
/* End PBXGroup section */

/* Begin PBXNativeTarget section */
		5C7339A89A0E3AB6B41B1378 /* PhotoBrowser */ = {
			isa = PBXNativeTarget;
			buildConfigurationList = 5017E3BA9576F9B09F591A60 /* Build configuration list for PBXNativeTarget "PhotoBrowser" */;
			buildPhases = (
				DAE48255505FCE72D1BDCEEE /* Sources */,
			);
			buildRules = (
			);
			dependencies = (
			);
			name = PhotoBrowser;
			productName = PhotoBrowser;
			productReference = 0250F5C4F1A9705B95CB70A5 /* PhotoBrowser.framework */;
			productType = "com.apple.product-type.framework";
		};
		C08BB2AC9DCF38607446DD9C /* Host */ = {
			isa = PBXNativeTarget;
			buildConfigurationList = E912A3AEC9AAEBD1FAB8481B /* Build configuration list for PBXNativeTarget "Host" */;
			buildPhases = (
				CD9AFC18BF852B9C6DC5F371 /* Sources */,
				F5BB23644C500A57BB452307 /* Frameworks */,
				6600F7F8E492DA2999AD5DC1 /* Embed Frameworks */,
			);
			buildRules = (
			);
			dependencies = (
			);
			name = Host;
			productName = Host;
			productReference = 026969170D205A2EF788A3C8 /* Host.app */;
			productType = "com.apple.product-type.application";
		};
/* End PBXNativeTarget section */

/* Begin PBXProject section */
		B2A690D8DEF905C336249EA3 /* Project object */ = {
			isa = PBXProject;
			attributes = {
				BuildIndependentTargetsInParallel = YES;
				LastUpgradeCheck = 1430;
				TargetAttributes = {
					5C7339A89A0E3AB6B41B1378 = {
						DevelopmentTeam = PN8K78V28P;
					};
					C08BB2AC9DCF38607446DD9C = {
						DevelopmentTeam = PN8K78V28P;
					};
				};
			};
			buildConfigurationList = 290BA00E50FBE5CB4D43C0B6 /* Build configuration list for PBXProject "PhotoBrowser" */;
			compatibilityVersion = "Xcode 14.0";
			developmentRegion = en;
			hasScannedForEncodings = 0;
			knownRegions = (
				Base,
				en,
			);
			mainGroup = CEA1724405A35E055D803BD2;
			projectDirPath = "";
			projectRoot = "";
			targets = (
				C08BB2AC9DCF38607446DD9C /* Host */,
				5C7339A89A0E3AB6B41B1378 /* PhotoBrowser */,
			);
		};
/* End PBXProject section */

/* Begin PBXSourcesBuildPhase section */
		CD9AFC18BF852B9C6DC5F371 /* Sources */ = {
			isa = PBXSourcesBuildPhase;
			buildActionMask = 2147483647;
			files = (
			);
			runOnlyForDeploymentPostprocessing = 0;
		};
		DAE48255505FCE72D1BDCEEE /* Sources */ = {
			isa = PBXSourcesBuildPhase;
			buildActionMask = 2147483647;
			files = (
				E6172BBE80AFB693670D140B /* JXPhotoBrowser.swift in Sources */,
				E0F793B490F0C93FC6747655 /* JXPhotoBrowserAnimatedTransitioning.swift in Sources */,
				05C77E6C77D8ABAA8542A37D /* JXPhotoBrowserCell.swift in Sources */,
				FE3DAF689E877109A8D0D43D /* JXPhotoBrowserDefaultPageIndicator.swift in Sources */,
				1E787614FDBF13303A5832AA /* JXPhotoBrowserFadeAnimator.swift in Sources */,
				0F8A77476298538B43CC56E0 /* JXPhotoBrowserImageCell.swift in Sources */,
				85B494968D58A964DAC06706 /* JXPhotoBrowserImageView.swift in Sources */,
				3B456C33761754EE6E66E52D /* JXPhotoBrowserLog.swift in Sources */,
				35D5E40B0E0873816A610307 /* JXPhotoBrowserNoneAnimator.swift in Sources */,
				F567FA3161F1AD8180444753 /* JXPhotoBrowserNumberPageIndicator.swift in Sources */,
				E0CB3EFE8AA13625AE114891 /* JXPhotoBrowserPageIndicator.swift in Sources */,
				4B367C1590094A90AC6A3739 /* JXPhotoBrowserSmoothZoomAnimator.swift in Sources */,
				CC4EA34C7E1590F972AB4820 /* JXPhotoBrowserView.swift in Sources */,
				C05A10A7779082635621F6C8 /* JXPhotoBrowserZoomAnimator.swift in Sources */,
				4061D14E970886B22A4249E5 /* JXPhotoBrowserZoomSupportedCell.swift in Sources */,
			);
			runOnlyForDeploymentPostprocessing = 0;
		};
/* End PBXSourcesBuildPhase section */

/* Begin XCBuildConfiguration section */
		332AB547520ECF260BBBBE22 /* Release */ = {
			isa = XCBuildConfiguration;
			buildSettings = {
				ALWAYS_SEARCH_USER_PATHS = NO;
				CLANG_ANALYZER_NONNULL = YES;
				CLANG_ANALYZER_NUMBER_OBJECT_CONVERSION = YES_AGGRESSIVE;
				CLANG_CXX_LANGUAGE_STANDARD = "gnu++14";
				CLANG_CXX_LIBRARY = "libc++";
				CLANG_ENABLE_MODULES = YES;
				CLANG_ENABLE_OBJC_ARC = YES;
				CLANG_ENABLE_OBJC_WEAK = YES;
				CLANG_WARN_BLOCK_CAPTURE_AUTORELEASING = YES;
				CLANG_WARN_BOOL_CONVERSION = YES;
				CLANG_WARN_COMMA = YES;
				CLANG_WARN_CONSTANT_CONVERSION = YES;
				CLANG_WARN_DEPRECATED_OBJC_IMPLEMENTATIONS = YES;
				CLANG_WARN_DIRECT_OBJC_ISA_USAGE = YES_ERROR;
				CLANG_WARN_DOCUMENTATION_COMMENTS = YES;
				CLANG_WARN_EMPTY_BODY = YES;
				CLANG_WARN_ENUM_CONVERSION = YES;
				CLANG_WARN_INFINITE_RECURSION = YES;
				CLANG_WARN_INT_CONVERSION = YES;
				CLANG_WARN_NON_LITERAL_NULL_CONVERSION = YES;
				CLANG_WARN_OBJC_IMPLICIT_RETAIN_SELF = YES;
				CLANG_WARN_OBJC_LITERAL_CONVERSION = YES;
				CLANG_WARN_OBJC_ROOT_CLASS = YES_ERROR;
				CLANG_WARN_QUOTED_INCLUDE_IN_FRAMEWORK_HEADER = YES;
				CLANG_WARN_RANGE_LOOP_ANALYSIS = YES;
				CLANG_WARN_STRICT_PROTOTYPES = YES;
				CLANG_WARN_SUSPICIOUS_MOVE = YES;
				CLANG_WARN_UNGUARDED_AVAILABILITY = YES_AGGRESSIVE;
				CLANG_WARN_UNREACHABLE_CODE = YES;
				CLANG_WARN__DUPLICATE_METHOD_MATCH = YES;
				COPY_PHASE_STRIP = NO;
				CURRENT_PROJECT_VERSION = 3.1.5;
				DEBUG_INFORMATION_FORMAT = "dwarf-with-dsym";
				DEVELOPMENT_TEAM = PN8K78V28P;
				ENABLE_NS_ASSERTIONS = NO;
				ENABLE_STRICT_OBJC_MSGSEND = YES;
				GCC_C_LANGUAGE_STANDARD = gnu11;
				GCC_NO_COMMON_BLOCKS = YES;
				GCC_WARN_64_TO_32_BIT_CONVERSION = YES;
				GCC_WARN_ABOUT_RETURN_TYPE = YES_ERROR;
				GCC_WARN_UNDECLARED_SELECTOR = YES;
				GCC_WARN_UNINITIALIZED_AUTOS = YES_AGGRESSIVE;
				GCC_WARN_UNUSED_FUNCTION = YES;
				GCC_WARN_UNUSED_VARIABLE = YES;
				GENERATE_INFOPLIST_FILE = YES;
				IPHONEOS_DEPLOYMENT_TARGET = 12.0;
				MACOSX_DEPLOYMENT_TARGET = 13.0;
				MARKETING_VERSION = 1;
				MTL_ENABLE_DEBUG_INFO = NO;
				MTL_FAST_MATH = YES;
				PRODUCT_NAME = "$(TARGET_NAME)";
				SDKROOT = iphoneos;
				SWIFT_COMPILATION_MODE = wholemodule;
				SWIFT_OPTIMIZATION_LEVEL = "-O";
				SWIFT_VERSION = 5.0;
			};
			name = Release;
		};
		4278598787C16BBEC955E1B2 /* Debug */ = {
			isa = XCBuildConfiguration;
			buildSettings = {
				ASSETCATALOG_COMPILER_APPICON_NAME = AppIcon;
				CODE_SIGN_IDENTITY = "iPhone Developer";
				FRAMEWORK_SEARCH_PATHS = (
					"$(inherited)",
					"\"$(BUILT_PRODUCTS_DIR)\"",
				);
				LD_RUNPATH_SEARCH_PATHS = (
					"$(inherited)",
					"@executable_path/Frameworks",
				);
				PRODUCT_BUNDLE_IDENTIFIER = io.ucb.anderson.Host;
				SDKROOT = iphoneos;
				SUPPORTS_MACCATALYST = NO;
				SUPPORTS_MAC_DESIGNED_FOR_IPHONE_IPAD = NO;
				TARGETED_DEVICE_FAMILY = 1;
			};
			name = Debug;
		};
		74D8522030E29962E51D4967 /* Debug */ = {
			isa = XCBuildConfiguration;
			buildSettings = {
				BUILD_LIBRARY_FOR_DISTRIBUTION = YES;
				CODE_SIGN_IDENTITY = "";
				CURRENT_PROJECT_VERSION = 1;
				DEFINES_MODULE = YES;
				DYLIB_COMPATIBILITY_VERSION = 1;
				DYLIB_CURRENT_VERSION = 1;
				DYLIB_INSTALL_NAME_BASE = "@rpath";
				INSTALL_PATH = "$(LOCAL_LIBRARY_DIR)/Frameworks";
				LD_RUNPATH_SEARCH_PATHS = (
					"$(inherited)",
					"@executable_path/Frameworks",
				);
				PRODUCT_BUNDLE_IDENTIFIER = io.ucb.anderson.PhotoBrowser;
				SDKROOT = iphoneos;
				SKIP_INSTALL = YES;
				SUPPORTED_PLATFORMS = "iphoneos iphonesimulator macosx";
				SUPPORTS_MACCATALYST = NO;
				SUPPORTS_MAC_DESIGNED_FOR_IPHONE_IPAD = NO;
				SUPPORTS_XR_DESIGNED_FOR_IPHONE_IPAD = NO;
				TARGETED_DEVICE_FAMILY = 1;
				VERSIONING_SYSTEM = "apple-generic";
			};
			name = Debug;
		};
		7A9B0CE34FCF7B46293336C4 /* Release */ = {
			isa = XCBuildConfiguration;
			buildSettings = {
				BUILD_LIBRARY_FOR_DISTRIBUTION = YES;
				CODE_SIGN_IDENTITY = "";
				CURRENT_PROJECT_VERSION = 1;
				DEFINES_MODULE = YES;
				DYLIB_COMPATIBILITY_VERSION = 1;
				DYLIB_CURRENT_VERSION = 1;
				DYLIB_INSTALL_NAME_BASE = "@rpath";
				INSTALL_PATH = "$(LOCAL_LIBRARY_DIR)/Frameworks";
				LD_RUNPATH_SEARCH_PATHS = (
					"$(inherited)",
					"@executable_path/Frameworks",
				);
				PRODUCT_BUNDLE_IDENTIFIER = io.ucb.anderson.PhotoBrowser;
				SDKROOT = iphoneos;
				SKIP_INSTALL = YES;
				SUPPORTED_PLATFORMS = "iphoneos iphonesimulator macosx";
				SUPPORTS_MACCATALYST = NO;
				SUPPORTS_MAC_DESIGNED_FOR_IPHONE_IPAD = NO;
				SUPPORTS_XR_DESIGNED_FOR_IPHONE_IPAD = NO;
				TARGETED_DEVICE_FAMILY = 1;
				VERSIONING_SYSTEM = "apple-generic";
			};
			name = Release;
		};
		E78FEF8ECEA7BB6CCEF72727 /* Debug */ = {
			isa = XCBuildConfiguration;
			buildSettings = {
				ALWAYS_SEARCH_USER_PATHS = NO;
				CLANG_ANALYZER_NONNULL = YES;
				CLANG_ANALYZER_NUMBER_OBJECT_CONVERSION = YES_AGGRESSIVE;
				CLANG_CXX_LANGUAGE_STANDARD = "gnu++14";
				CLANG_CXX_LIBRARY = "libc++";
				CLANG_ENABLE_MODULES = YES;
				CLANG_ENABLE_OBJC_ARC = YES;
				CLANG_ENABLE_OBJC_WEAK = YES;
				CLANG_WARN_BLOCK_CAPTURE_AUTORELEASING = YES;
				CLANG_WARN_BOOL_CONVERSION = YES;
				CLANG_WARN_COMMA = YES;
				CLANG_WARN_CONSTANT_CONVERSION = YES;
				CLANG_WARN_DEPRECATED_OBJC_IMPLEMENTATIONS = YES;
				CLANG_WARN_DIRECT_OBJC_ISA_USAGE = YES_ERROR;
				CLANG_WARN_DOCUMENTATION_COMMENTS = YES;
				CLANG_WARN_EMPTY_BODY = YES;
				CLANG_WARN_ENUM_CONVERSION = YES;
				CLANG_WARN_INFINITE_RECURSION = YES;
				CLANG_WARN_INT_CONVERSION = YES;
				CLANG_WARN_NON_LITERAL_NULL_CONVERSION = YES;
				CLANG_WARN_OBJC_IMPLICIT_RETAIN_SELF = YES;
				CLANG_WARN_OBJC_LITERAL_CONVERSION = YES;
				CLANG_WARN_OBJC_ROOT_CLASS = YES_ERROR;
				CLANG_WARN_QUOTED_INCLUDE_IN_FRAMEWORK_HEADER = YES;
				CLANG_WARN_RANGE_LOOP_ANALYSIS = YES;
				CLANG_WARN_STRICT_PROTOTYPES = YES;
				CLANG_WARN_SUSPICIOUS_MOVE = YES;
				CLANG_WARN_UNGUARDED_AVAILABILITY = YES_AGGRESSIVE;
				CLANG_WARN_UNREACHABLE_CODE = YES;
				CLANG_WARN__DUPLICATE_METHOD_MATCH = YES;
				COPY_PHASE_STRIP = NO;
				CURRENT_PROJECT_VERSION = 3.1.5;
				DEBUG_INFORMATION_FORMAT = dwarf;
				DEVELOPMENT_TEAM = PN8K78V28P;
				ENABLE_STRICT_OBJC_MSGSEND = YES;
				ENABLE_TESTABILITY = YES;
				GCC_C_LANGUAGE_STANDARD = gnu11;
				GCC_DYNAMIC_NO_PIC = NO;
				GCC_NO_COMMON_BLOCKS = YES;
				GCC_OPTIMIZATION_LEVEL = 0;
				GCC_PREPROCESSOR_DEFINITIONS = (
					"$(inherited)",
					"DEBUG=1",
				);
				GCC_WARN_64_TO_32_BIT_CONVERSION = YES;
				GCC_WARN_ABOUT_RETURN_TYPE = YES_ERROR;
				GCC_WARN_UNDECLARED_SELECTOR = YES;
				GCC_WARN_UNINITIALIZED_AUTOS = YES_AGGRESSIVE;
				GCC_WARN_UNUSED_FUNCTION = YES;
				GCC_WARN_UNUSED_VARIABLE = YES;
				GENERATE_INFOPLIST_FILE = YES;
				IPHONEOS_DEPLOYMENT_TARGET = 12.0;
				MACOSX_DEPLOYMENT_TARGET = 13.0;
				MARKETING_VERSION = 1;
				MTL_ENABLE_DEBUG_INFO = INCLUDE_SOURCE;
				MTL_FAST_MATH = YES;
				ONLY_ACTIVE_ARCH = YES;
				PRODUCT_NAME = "$(TARGET_NAME)";
				SDKROOT = iphoneos;
				SWIFT_ACTIVE_COMPILATION_CONDITIONS = DEBUG;
				SWIFT_OPTIMIZATION_LEVEL = "-Onone";
				SWIFT_VERSION = 5.0;
			};
			name = Debug;
		};
		FC1003E663BA36A3425B2B04 /* Release */ = {
			isa = XCBuildConfiguration;
			buildSettings = {
				ASSETCATALOG_COMPILER_APPICON_NAME = AppIcon;
				CODE_SIGN_IDENTITY = "iPhone Developer";
				FRAMEWORK_SEARCH_PATHS = (
					"$(inherited)",
					"\"$(BUILT_PRODUCTS_DIR)\"",
				);
				LD_RUNPATH_SEARCH_PATHS = (
					"$(inherited)",
					"@executable_path/Frameworks",
				);
				PRODUCT_BUNDLE_IDENTIFIER = io.ucb.anderson.Host;
				SDKROOT = iphoneos;
				SUPPORTS_MACCATALYST = NO;
				SUPPORTS_MAC_DESIGNED_FOR_IPHONE_IPAD = NO;
				TARGETED_DEVICE_FAMILY = 1;
			};
			name = Release;
		};
/* End XCBuildConfiguration section */

/* Begin XCConfigurationList section */
		290BA00E50FBE5CB4D43C0B6 /* Build configuration list for PBXProject "PhotoBrowser" */ = {
			isa = XCConfigurationList;
			buildConfigurations = (
				E78FEF8ECEA7BB6CCEF72727 /* Debug */,
				332AB547520ECF260BBBBE22 /* Release */,
			);
			defaultConfigurationIsVisible = 0;
			defaultConfigurationName = Debug;
		};
		5017E3BA9576F9B09F591A60 /* Build configuration list for PBXNativeTarget "PhotoBrowser" */ = {
			isa = XCConfigurationList;
			buildConfigurations = (
				74D8522030E29962E51D4967 /* Debug */,
				7A9B0CE34FCF7B46293336C4 /* Release */,
			);
			defaultConfigurationIsVisible = 0;
			defaultConfigurationName = Debug;
		};
		E912A3AEC9AAEBD1FAB8481B /* Build configuration list for PBXNativeTarget "Host" */ = {
			isa = XCConfigurationList;
			buildConfigurations = (
				4278598787C16BBEC955E1B2 /* Debug */,
				FC1003E663BA36A3425B2B04 /* Release */,
			);
			defaultConfigurationIsVisible = 0;
			defaultConfigurationName = Debug;
		};
/* End XCConfigurationList section */
	};
	rootObject = B2A690D8DEF905C336249EA3 /* Project object */;
}
